// !$*UTF8*$!
{
	archiveVersion = 1;
	classes = {
	};
	objectVersion = 55;
	objects = {

/* Begin PBXBuildFile section */
		560E85EF2CCCAF7C00A5727A /* libfreetype.6.dylib in Frameworks */ = {isa = PBXBuildFile; fileRef = 560E85EE2CCCAF7C00A5727A /* libfreetype.6.dylib */; };
		560E85F22CCCB2F700A5727A /* Text.cpp in Sources */ = {isa = PBXBuildFile; fileRef = 560E85F02CCCB2F700A5727A /* Text.cpp */; };
		5614DBA42CB02A920098B374 /* MaterialBase.cpp in Sources */ = {isa = PBXBuildFile; fileRef = 5614DBA22CB02A920098B374 /* MaterialBase.cpp */; };
		5618917F2CB40F1A004BCC55 /* MeshGroup.cpp in Sources */ = {isa = PBXBuildFile; fileRef = 5618917D2CB40F1A004BCC55 /* MeshGroup.cpp */; };
		561C7AEE2C83638C000DACA9 /* libGLEW.2.2.0.dylib in Frameworks */ = {isa = PBXBuildFile; fileRef = 561C7AEA2C835CCB000DACA9 /* libGLEW.2.2.0.dylib */; };
		561C7AEF2C83638C000DACA9 /* libGLEW.2.2.0.dylib in Embed Libraries */ = {isa = PBXBuildFile; fileRef = 561C7AEA2C835CCB000DACA9 /* libGLEW.2.2.0.dylib */; settings = {ATTRIBUTES = (CodeSignOnCopy, ); }; };
		561F08282CA82E2F007570EA /* Rectangle.cpp in Sources */ = {isa = PBXBuildFile; fileRef = 561F08262CA82E2F007570EA /* Rectangle.cpp */; };
		5631D4FD2C9B97C800A99F30 /* Gltf.cpp in Sources */ = {isa = PBXBuildFile; fileRef = 5631D4FB2C9B97C800A99F30 /* Gltf.cpp */; };
		563F4C062C95380400AD7777 /* Camera.cpp in Sources */ = {isa = PBXBuildFile; fileRef = 563F4C042C95380400AD7777 /* Camera.cpp */; };
		563F4C0A2C95655400AD7777 /* Clock.cpp in Sources */ = {isa = PBXBuildFile; fileRef = 563F4C082C95655400AD7777 /* Clock.cpp */; };
		56494CAF2C948207001E9CFA /* libglm.dylib in Frameworks */ = {isa = PBXBuildFile; fileRef = 56494CAE2C948207001E9CFA /* libglm.dylib */; };
		56494CB22C94824B001E9CFA /* Transform.cpp in Sources */ = {isa = PBXBuildFile; fileRef = 56494CB02C94824B001E9CFA /* Transform.cpp */; };
		564988B92C91CA0C007E0B33 /* Texture.cpp in Sources */ = {isa = PBXBuildFile; fileRef = 564988B72C91CA0C007E0B33 /* Texture.cpp */; };
		564988BB2C91D880007E0B33 /* libSDL2_image-2.0.0.dylib in Frameworks */ = {isa = PBXBuildFile; fileRef = 564988BA2C91D880007E0B33 /* libSDL2_image-2.0.0.dylib */; };
		564A44162C82AE780065D0C1 /* OpenGL.framework in Frameworks */ = {isa = PBXBuildFile; fileRef = 564A44152C82AE780065D0C1 /* OpenGL.framework */; };
		564A44182C82B4E70065D0C1 /* libSDL2-2.0.0.dylib in Frameworks */ = {isa = PBXBuildFile; fileRef = 564A44172C82B4E70065D0C1 /* libSDL2-2.0.0.dylib */; };
		564A441D2C82F4330065D0C1 /* Window.cpp in Sources */ = {isa = PBXBuildFile; fileRef = 564A441C2C82F4330065D0C1 /* Window.cpp */; };
		564B5E9C2CA03BDD00C3A1E3 /* VBO.cpp in Sources */ = {isa = PBXBuildFile; fileRef = 564B5E9A2CA03BDD00C3A1E3 /* VBO.cpp */; };
		564B5E9F2CA054B900C3A1E3 /* VAO.cpp in Sources */ = {isa = PBXBuildFile; fileRef = 564B5E9D2CA054B900C3A1E3 /* VAO.cpp */; };
		564B5EA22CA058C100C3A1E3 /* EBO.cpp in Sources */ = {isa = PBXBuildFile; fileRef = 564B5EA02CA058C100C3A1E3 /* EBO.cpp */; };
		564CEB502C88821B00A0869F /* Utility.cpp in Sources */ = {isa = PBXBuildFile; fileRef = 564CEB4F2C88821B00A0869F /* Utility.cpp */; };
		564CEB542C888AAF00A0869F /* Shader.cpp in Sources */ = {isa = PBXBuildFile; fileRef = 564CEB522C888AAF00A0869F /* Shader.cpp */; };
		5661A9EF2C840910002E52DA /* Mesh.cpp in Sources */ = {isa = PBXBuildFile; fileRef = 5661A9ED2C840910002E52DA /* Mesh.cpp */; };
		5661A9F12C841247002E52DA /* main.cpp in Sources */ = {isa = PBXBuildFile; fileRef = 5661A9F02C841247002E52DA /* main.cpp */; };
		567957242CC699AF00727E68 /* Mouse.cpp in Sources */ = {isa = PBXBuildFile; fileRef = 567957222CC699AF00727E68 /* Mouse.cpp */; };
		567957262CC69FBC00727E68 /* Keyboard.cpp in Sources */ = {isa = PBXBuildFile; fileRef = 567957252CC69FBC00727E68 /* Keyboard.cpp */; };
		5688AA2D2CCA81E4006406E6 /* GameManager.cpp in Sources */ = {isa = PBXBuildFile; fileRef = 5688AA2B2CCA81E4006406E6 /* GameManager.cpp */; };
		5695ED462CA595CC00AF16D4 /* Scene.cpp in Sources */ = {isa = PBXBuildFile; fileRef = 5695ED442CA595CC00AF16D4 /* Scene.cpp */; };
		56B0943D2CA2FDE200293E4B /* Debugger.cpp in Sources */ = {isa = PBXBuildFile; fileRef = 56B0943B2CA2FDE200293E4B /* Debugger.cpp */; };
		56C4E9CA2CC0047100F22DEF /* Points.cpp in Sources */ = {isa = PBXBuildFile; fileRef = 56C4E9C82CC0047100F22DEF /* Points.cpp */; };
		56F69D512CC15EB40070C722 /* Gizmos.cpp in Sources */ = {isa = PBXBuildFile; fileRef = 56F69D4F2CC15EB40070C722 /* Gizmos.cpp */; };
		56F69D552CC15F060070C722 /* Grid.cpp in Sources */ = {isa = PBXBuildFile; fileRef = 56F69D532CC15F060070C722 /* Grid.cpp */; };
/* End PBXBuildFile section */

/* Begin PBXCopyFilesBuildPhase section */
		561C7AF02C83638D000DACA9 /* Embed Libraries */ = {
			isa = PBXCopyFilesBuildPhase;
			buildActionMask = 2147483647;
			dstPath = "";
			dstSubfolderSpec = 10;
			files = (
				561C7AEF2C83638C000DACA9 /* libGLEW.2.2.0.dylib in Embed Libraries */,
			);
			name = "Embed Libraries";
			runOnlyForDeploymentPostprocessing = 0;
		};
		564A44082C82AE3E0065D0C1 /* CopyFiles */ = {
			isa = PBXCopyFilesBuildPhase;
			buildActionMask = 2147483647;
			dstPath = /usr/share/man/man1/;
			dstSubfolderSpec = 0;
			files = (
			);
			runOnlyForDeploymentPostprocessing = 1;
		};
/* End PBXCopyFilesBuildPhase section */

/* Begin PBXFileReference section */
		560E85EE2CCCAF7C00A5727A /* libfreetype.6.dylib */ = {isa = PBXFileReference; lastKnownFileType = "compiled.mach-o.dylib"; name = libfreetype.6.dylib; path = ../../../../../usr/local/Cellar/freetype/2.13.3/lib/libfreetype.6.dylib; sourceTree = "<group>"; };
		560E85F02CCCB2F700A5727A /* Text.cpp */ = {isa = PBXFileReference; lastKnownFileType = sourcecode.cpp.cpp; path = Text.cpp; sourceTree = "<group>"; };
		560E85F12CCCB2F700A5727A /* Text.hpp */ = {isa = PBXFileReference; lastKnownFileType = sourcecode.cpp.h; path = Text.hpp; sourceTree = "<group>"; };
		5614DBA22CB02A920098B374 /* MaterialBase.cpp */ = {isa = PBXFileReference; lastKnownFileType = sourcecode.cpp.cpp; path = MaterialBase.cpp; sourceTree = "<group>"; };
		5614DBA32CB02A920098B374 /* MaterialBase.hpp */ = {isa = PBXFileReference; lastKnownFileType = sourcecode.cpp.h; path = MaterialBase.hpp; sourceTree = "<group>"; };
		5618917D2CB40F1A004BCC55 /* MeshGroup.cpp */ = {isa = PBXFileReference; lastKnownFileType = sourcecode.cpp.cpp; path = MeshGroup.cpp; sourceTree = "<group>"; };
		5618917E2CB40F1A004BCC55 /* MeshGroup.hpp */ = {isa = PBXFileReference; lastKnownFileType = sourcecode.cpp.h; path = MeshGroup.hpp; sourceTree = "<group>"; };
		561C7AEA2C835CCB000DACA9 /* libGLEW.2.2.0.dylib */ = {isa = PBXFileReference; lastKnownFileType = "compiled.mach-o.dylib"; name = libGLEW.2.2.0.dylib; path = ../../../../../usr/local/Cellar/glew/2.2.0_1/lib/libGLEW.2.2.0.dylib; sourceTree = "<group>"; };
		561F08262CA82E2F007570EA /* Rectangle.cpp */ = {isa = PBXFileReference; lastKnownFileType = sourcecode.cpp.cpp; path = Rectangle.cpp; sourceTree = "<group>"; };
		561F08272CA82E2F007570EA /* Rectangle.hpp */ = {isa = PBXFileReference; lastKnownFileType = sourcecode.cpp.h; path = Rectangle.hpp; sourceTree = "<group>"; };
		562BD0E82CBABC8F005D7273 /* SolidMaterial.hpp */ = {isa = PBXFileReference; lastKnownFileType = sourcecode.cpp.h; path = SolidMaterial.hpp; sourceTree = "<group>"; };
		562BD0E92CBABE0C005D7273 /* solid.frag */ = {isa = PBXFileReference; lastKnownFileType = sourcecode.glsl; path = solid.frag; sourceTree = "<group>"; };
		562BD0EA2CBABE40005D7273 /* solid.vert */ = {isa = PBXFileReference; lastKnownFileType = sourcecode.glsl; path = solid.vert; sourceTree = "<group>"; };
		562CB3162C9E5ED50081658C /* Vertex.h */ = {isa = PBXFileReference; lastKnownFileType = sourcecode.c.h; path = Vertex.h; sourceTree = "<group>"; };
		5630F21F2CD5F3CD008157F6 /* text.frag */ = {isa = PBXFileReference; lastKnownFileType = sourcecode.glsl; path = text.frag; sourceTree = "<group>"; };
		5631D4FB2C9B97C800A99F30 /* Gltf.cpp */ = {isa = PBXFileReference; lastKnownFileType = sourcecode.cpp.cpp; path = Gltf.cpp; sourceTree = "<group>"; };
		5631D4FC2C9B97C800A99F30 /* Gltf.hpp */ = {isa = PBXFileReference; lastKnownFileType = sourcecode.cpp.h; path = Gltf.hpp; sourceTree = "<group>"; };
		563F4C042C95380400AD7777 /* Camera.cpp */ = {isa = PBXFileReference; lastKnownFileType = sourcecode.cpp.cpp; path = Camera.cpp; sourceTree = "<group>"; };
		563F4C052C95380400AD7777 /* Camera.hpp */ = {isa = PBXFileReference; lastKnownFileType = sourcecode.cpp.h; path = Camera.hpp; sourceTree = "<group>"; };
		563F4C082C95655400AD7777 /* Clock.cpp */ = {isa = PBXFileReference; lastKnownFileType = sourcecode.cpp.cpp; path = Clock.cpp; sourceTree = "<group>"; };
		563F4C092C95655400AD7777 /* Clock.hpp */ = {isa = PBXFileReference; lastKnownFileType = sourcecode.cpp.h; path = Clock.hpp; sourceTree = "<group>"; };
		564005D12CC28922007FCDDC /* grid.vert */ = {isa = PBXFileReference; lastKnownFileType = sourcecode.glsl; path = grid.vert; sourceTree = "<group>"; };
		564005D22CC28933007FCDDC /* grid.frag */ = {isa = PBXFileReference; lastKnownFileType = sourcecode.glsl; path = grid.frag; sourceTree = "<group>"; };
		56414CA02CA45B470094518B /* Constant.h */ = {isa = PBXFileReference; lastKnownFileType = sourcecode.c.h; path = Constant.h; sourceTree = "<group>"; };
		56494CAE2C948207001E9CFA /* libglm.dylib */ = {isa = PBXFileReference; lastKnownFileType = "compiled.mach-o.dylib"; name = libglm.dylib; path = ../../../../../usr/local/Cellar/glm/1.0.1/lib/libglm.dylib; sourceTree = "<group>"; };
		56494CB02C94824B001E9CFA /* Transform.cpp */ = {isa = PBXFileReference; lastKnownFileType = sourcecode.cpp.cpp; path = Transform.cpp; sourceTree = "<group>"; };
		56494CB12C94824B001E9CFA /* Transform.hpp */ = {isa = PBXFileReference; lastKnownFileType = sourcecode.cpp.h; path = Transform.hpp; sourceTree = "<group>"; };
		564988B72C91CA0C007E0B33 /* Texture.cpp */ = {isa = PBXFileReference; lastKnownFileType = sourcecode.cpp.cpp; path = Texture.cpp; sourceTree = "<group>"; };
		564988B82C91CA0C007E0B33 /* Texture.hpp */ = {isa = PBXFileReference; lastKnownFileType = sourcecode.cpp.h; path = Texture.hpp; sourceTree = "<group>"; };
		564988BA2C91D880007E0B33 /* libSDL2_image-2.0.0.dylib */ = {isa = PBXFileReference; lastKnownFileType = "compiled.mach-o.dylib"; name = "libSDL2_image-2.0.0.dylib"; path = "../../../../../usr/local/Cellar/sdl2_image/2.8.2_1/lib/libSDL2_image-2.0.0.dylib"; sourceTree = "<group>"; };
		564A440A2C82AE3E0065D0C1 /* opengl-expe */ = {isa = PBXFileReference; explicitFileType = "compiled.mach-o.executable"; includeInIndex = 0; path = "opengl-expe"; sourceTree = BUILT_PRODUCTS_DIR; };
		564A44152C82AE780065D0C1 /* OpenGL.framework */ = {isa = PBXFileReference; lastKnownFileType = wrapper.framework; name = OpenGL.framework; path = System/Library/Frameworks/OpenGL.framework; sourceTree = SDKROOT; };
		564A44172C82B4E70065D0C1 /* libSDL2-2.0.0.dylib */ = {isa = PBXFileReference; lastKnownFileType = "compiled.mach-o.dylib"; name = "libSDL2-2.0.0.dylib"; path = "../../../../../usr/local/Cellar/sdl2/2.30.6/lib/libSDL2-2.0.0.dylib"; sourceTree = "<group>"; };
		564A441B2C82EB5C0065D0C1 /* Window.hpp */ = {isa = PBXFileReference; lastKnownFileType = sourcecode.cpp.h; path = Window.hpp; sourceTree = "<group>"; };
		564A441C2C82F4330065D0C1 /* Window.cpp */ = {isa = PBXFileReference; lastKnownFileType = sourcecode.cpp.cpp; path = Window.cpp; sourceTree = "<group>"; };
		564AFD842CB188BC0021161A /* Model.h */ = {isa = PBXFileReference; lastKnownFileType = sourcecode.c.h; path = Model.h; sourceTree = "<group>"; };
		564B5E9A2CA03BDD00C3A1E3 /* VBO.cpp */ = {isa = PBXFileReference; lastKnownFileType = sourcecode.cpp.cpp; path = VBO.cpp; sourceTree = "<group>"; };
		564B5E9B2CA03BDD00C3A1E3 /* VBO.hpp */ = {isa = PBXFileReference; lastKnownFileType = sourcecode.cpp.h; path = VBO.hpp; sourceTree = "<group>"; };
		564B5E9D2CA054B900C3A1E3 /* VAO.cpp */ = {isa = PBXFileReference; lastKnownFileType = sourcecode.cpp.cpp; path = VAO.cpp; sourceTree = "<group>"; };
		564B5E9E2CA054B900C3A1E3 /* VAO.hpp */ = {isa = PBXFileReference; lastKnownFileType = sourcecode.cpp.h; path = VAO.hpp; sourceTree = "<group>"; };
		564B5EA02CA058C100C3A1E3 /* EBO.cpp */ = {isa = PBXFileReference; lastKnownFileType = sourcecode.cpp.cpp; path = EBO.cpp; sourceTree = "<group>"; };
		564B5EA12CA058C100C3A1E3 /* EBO.hpp */ = {isa = PBXFileReference; lastKnownFileType = sourcecode.cpp.h; path = EBO.hpp; sourceTree = "<group>"; };
		564CEB4F2C88821B00A0869F /* Utility.cpp */ = {isa = PBXFileReference; fileEncoding = 4; lastKnownFileType = sourcecode.cpp.cpp; path = Utility.cpp; sourceTree = "<group>"; };
		564CEB512C88822500A0869F /* Utility.hpp */ = {isa = PBXFileReference; fileEncoding = 4; lastKnownFileType = sourcecode.cpp.h; path = Utility.hpp; sourceTree = "<group>"; };
		564CEB522C888AAF00A0869F /* Shader.cpp */ = {isa = PBXFileReference; lastKnownFileType = sourcecode.cpp.cpp; path = Shader.cpp; sourceTree = "<group>"; };
		564CEB532C888AAF00A0869F /* Shader.hpp */ = {isa = PBXFileReference; lastKnownFileType = sourcecode.cpp.h; path = Shader.hpp; sourceTree = "<group>"; };
		5661A9ED2C840910002E52DA /* Mesh.cpp */ = {isa = PBXFileReference; lastKnownFileType = sourcecode.cpp.cpp; path = Mesh.cpp; sourceTree = "<group>"; };
		5661A9EE2C840910002E52DA /* Mesh.hpp */ = {isa = PBXFileReference; lastKnownFileType = sourcecode.cpp.h; path = Mesh.hpp; sourceTree = "<group>"; };
		5661A9F02C841247002E52DA /* main.cpp */ = {isa = PBXFileReference; fileEncoding = 4; lastKnownFileType = sourcecode.cpp.cpp; path = main.cpp; sourceTree = "<group>"; };
		5661A9F52C842349002E52DA /* default.vert */ = {isa = PBXFileReference; lastKnownFileType = sourcecode.glsl; path = default.vert; sourceTree = "<group>"; };
		5661A9F62C84235D002E52DA /* default.frag */ = {isa = PBXFileReference; lastKnownFileType = sourcecode.glsl; path = default.frag; sourceTree = "<group>"; };
		567957202CC6997A00727E68 /* Keyboard.hpp */ = {isa = PBXFileReference; explicitFileType = sourcecode.cpp.h; path = Keyboard.hpp; sourceTree = "<group>"; };
		567957222CC699AF00727E68 /* Mouse.cpp */ = {isa = PBXFileReference; lastKnownFileType = sourcecode.cpp.cpp; path = Mouse.cpp; sourceTree = "<group>"; };
		567957232CC699AF00727E68 /* Mouse.hpp */ = {isa = PBXFileReference; lastKnownFileType = sourcecode.cpp.h; path = Mouse.hpp; sourceTree = "<group>"; };
		567957252CC69FBC00727E68 /* Keyboard.cpp */ = {isa = PBXFileReference; fileEncoding = 4; lastKnownFileType = sourcecode.cpp.cpp; path = Keyboard.cpp; sourceTree = "<group>"; };
		5688AA2B2CCA81E4006406E6 /* GameManager.cpp */ = {isa = PBXFileReference; lastKnownFileType = sourcecode.cpp.cpp; path = GameManager.cpp; sourceTree = "<group>"; };
		5688AA2C2CCA81E4006406E6 /* GameManager.hpp */ = {isa = PBXFileReference; lastKnownFileType = sourcecode.cpp.h; path = GameManager.hpp; sourceTree = "<group>"; };
		5695ED442CA595CC00AF16D4 /* Scene.cpp */ = {isa = PBXFileReference; lastKnownFileType = sourcecode.cpp.cpp; path = Scene.cpp; sourceTree = "<group>"; };
		5695ED452CA595CC00AF16D4 /* Scene.hpp */ = {isa = PBXFileReference; lastKnownFileType = sourcecode.cpp.h; path = Scene.hpp; sourceTree = "<group>"; };
		5695ED472CA59E0300AF16D4 /* GameObject.h */ = {isa = PBXFileReference; lastKnownFileType = sourcecode.c.h; path = GameObject.h; sourceTree = "<group>"; };
		56A498732CD3C947006248E6 /* Uniform.h */ = {isa = PBXFileReference; lastKnownFileType = sourcecode.c.h; name = Uniform.h; path = "opengl-expe/Material/Uniform.h"; sourceTree = SOURCE_ROOT; };
		56B0943B2CA2FDE200293E4B /* Debugger.cpp */ = {isa = PBXFileReference; lastKnownFileType = sourcecode.cpp.cpp; path = Debugger.cpp; sourceTree = "<group>"; };
		56B0943C2CA2FDE200293E4B /* Debugger.hpp */ = {isa = PBXFileReference; lastKnownFileType = sourcecode.cpp.h; path = Debugger.hpp; sourceTree = "<group>"; };
		56C0240B2CAD8853004D3F6F /* DefaultMaterial.hpp */ = {isa = PBXFileReference; lastKnownFileType = sourcecode.cpp.h; path = DefaultMaterial.hpp; sourceTree = "<group>"; };
		56C4E9C82CC0047100F22DEF /* Points.cpp */ = {isa = PBXFileReference; lastKnownFileType = sourcecode.cpp.cpp; path = Points.cpp; sourceTree = "<group>"; };
		56C4E9C92CC0047100F22DEF /* Points.hpp */ = {isa = PBXFileReference; lastKnownFileType = sourcecode.cpp.h; path = Points.hpp; sourceTree = "<group>"; };
		56F09AB02CB6B84E005BC541 /* MeshBase.h */ = {isa = PBXFileReference; lastKnownFileType = sourcecode.c.h; path = MeshBase.h; sourceTree = "<group>"; };
		56F10FC92CB56ED200AD9FC4 /* Template.h */ = {isa = PBXFileReference; lastKnownFileType = sourcecode.c.h; path = Template.h; sourceTree = "<group>"; };
		56F5D3962CCE25E000BE406C /* PrefabBase.h */ = {isa = PBXFileReference; lastKnownFileType = sourcecode.c.h; path = PrefabBase.h; sourceTree = "<group>"; };
		56F69D4F2CC15EB40070C722 /* Gizmos.cpp */ = {isa = PBXFileReference; lastKnownFileType = sourcecode.cpp.cpp; path = Gizmos.cpp; sourceTree = "<group>"; };
		56F69D502CC15EB40070C722 /* Gizmos.hpp */ = {isa = PBXFileReference; lastKnownFileType = sourcecode.cpp.h; path = Gizmos.hpp; sourceTree = "<group>"; };
		56F69D532CC15F060070C722 /* Grid.cpp */ = {isa = PBXFileReference; lastKnownFileType = sourcecode.cpp.cpp; path = Grid.cpp; sourceTree = "<group>"; };
		56F69D542CC15F060070C722 /* Grid.hpp */ = {isa = PBXFileReference; lastKnownFileType = sourcecode.cpp.h; path = Grid.hpp; sourceTree = "<group>"; };
		56FCC72C2CBD447800B43654 /* Color.h */ = {isa = PBXFileReference; lastKnownFileType = sourcecode.c.h; path = Color.h; sourceTree = "<group>"; };
/* End PBXFileReference section */

/* Begin PBXFrameworksBuildPhase section */
		564A44072C82AE3E0065D0C1 /* Frameworks */ = {
			isa = PBXFrameworksBuildPhase;
			buildActionMask = 2147483647;
			files = (
				560E85EF2CCCAF7C00A5727A /* libfreetype.6.dylib in Frameworks */,
				56494CAF2C948207001E9CFA /* libglm.dylib in Frameworks */,
				564988BB2C91D880007E0B33 /* libSDL2_image-2.0.0.dylib in Frameworks */,
				564A44182C82B4E70065D0C1 /* libSDL2-2.0.0.dylib in Frameworks */,
				561C7AEE2C83638C000DACA9 /* libGLEW.2.2.0.dylib in Frameworks */,
				564A44162C82AE780065D0C1 /* OpenGL.framework in Frameworks */,
			);
			runOnlyForDeploymentPostprocessing = 0;
		};
/* End PBXFrameworksBuildPhase section */

/* Begin PBXGroup section */
		560E85F32CCCCCC300A5727A /* Fonts */ = {
			isa = PBXGroup;
			children = (
			);
			path = Fonts;
			sourceTree = "<group>";
		};
		563F4C072C95606F00AD7777 /* Scene */ = {
			isa = PBXGroup;
			children = (
				563F4C042C95380400AD7777 /* Camera.cpp */,
				563F4C052C95380400AD7777 /* Camera.hpp */,
				5695ED442CA595CC00AF16D4 /* Scene.cpp */,
				5695ED452CA595CC00AF16D4 /* Scene.hpp */,
				5695ED472CA59E0300AF16D4 /* GameObject.h */,
				56F69D4F2CC15EB40070C722 /* Gizmos.cpp */,
				56F69D502CC15EB40070C722 /* Gizmos.hpp */,
			);
			path = Scene;
			sourceTree = "<group>";
		};
		564988B52C91C7C6007E0B33 /* Assets */ = {
			isa = PBXGroup;
			children = (
				560E85F32CCCCCC300A5727A /* Fonts */,
				564988B62C91C7CC007E0B33 /* Textures */,
			);
			path = Assets;
			sourceTree = "<group>";
		};
		564988B62C91C7CC007E0B33 /* Textures */ = {
			isa = PBXGroup;
			children = (
			);
			path = Textures;
			sourceTree = "<group>";
		};
		564A44012C82AE3E0065D0C1 = {
			isa = PBXGroup;
			children = (
				564A440C2C82AE3E0065D0C1 /* opengl-expe */,
				564A440B2C82AE3E0065D0C1 /* Products */,
				564A44142C82AE780065D0C1 /* Frameworks */,
			);
			sourceTree = "<group>";
		};
		564A440B2C82AE3E0065D0C1 /* Products */ = {
			isa = PBXGroup;
			children = (
				564A440A2C82AE3E0065D0C1 /* opengl-expe */,
			);
			name = Products;
			sourceTree = "<group>";
		};
		564A440C2C82AE3E0065D0C1 /* opengl-expe */ = {
			isa = PBXGroup;
			children = (
				56B09B992CC3857000438C91 /* Prefab */,
				565D01232CB2C6DC00487774 /* Model */,
				56C024092CAD880F004D3F6F /* Material */,
				564B5E992CA03BBF00C3A1E3 /* Backend */,
				563F4C072C95606F00AD7777 /* Scene */,
				564988B52C91C7C6007E0B33 /* Assets */,
				5661A9F72C84246D002E52DA /* Utility */,
				5661A9F32C841F99002E52DA /* Mesh */,
				5661A9F22C841F63002E52DA /* Context */,
				5661A9F02C841247002E52DA /* main.cpp */,
			);
			path = "opengl-expe";
			sourceTree = "<group>";
		};
		564A44142C82AE780065D0C1 /* Frameworks */ = {
			isa = PBXGroup;
			children = (
				560E85EE2CCCAF7C00A5727A /* libfreetype.6.dylib */,
				56494CAE2C948207001E9CFA /* libglm.dylib */,
				564988BA2C91D880007E0B33 /* libSDL2_image-2.0.0.dylib */,
				561C7AEA2C835CCB000DACA9 /* libGLEW.2.2.0.dylib */,
				564A44172C82B4E70065D0C1 /* libSDL2-2.0.0.dylib */,
				564A44152C82AE780065D0C1 /* OpenGL.framework */,
			);
			name = Frameworks;
			sourceTree = "<group>";
		};
		564B5E992CA03BBF00C3A1E3 /* Backend */ = {
			isa = PBXGroup;
			children = (
				564B5E9A2CA03BDD00C3A1E3 /* VBO.cpp */,
				564B5E9B2CA03BDD00C3A1E3 /* VBO.hpp */,
				564B5E9D2CA054B900C3A1E3 /* VAO.cpp */,
				564B5E9E2CA054B900C3A1E3 /* VAO.hpp */,
				564B5EA02CA058C100C3A1E3 /* EBO.cpp */,
				564B5EA12CA058C100C3A1E3 /* EBO.hpp */,
			);
			path = Backend;
			sourceTree = "<group>";
		};
		565D01232CB2C6DC00487774 /* Model */ = {
			isa = PBXGroup;
			children = (
				564AFD842CB188BC0021161A /* Model.h */,
				5631D4FB2C9B97C800A99F30 /* Gltf.cpp */,
				5631D4FC2C9B97C800A99F30 /* Gltf.hpp */,
				561F08262CA82E2F007570EA /* Rectangle.cpp */,
				561F08272CA82E2F007570EA /* Rectangle.hpp */,
				56C4E9C82CC0047100F22DEF /* Points.cpp */,
				56C4E9C92CC0047100F22DEF /* Points.hpp */,
			);
			path = Model;
			sourceTree = "<group>";
		};
		5661A9F22C841F63002E52DA /* Context */ = {
			isa = PBXGroup;
			children = (
				564A441B2C82EB5C0065D0C1 /* Window.hpp */,
				564A441C2C82F4330065D0C1 /* Window.cpp */,
				567957252CC69FBC00727E68 /* Keyboard.cpp */,
				567957202CC6997A00727E68 /* Keyboard.hpp */,
				567957222CC699AF00727E68 /* Mouse.cpp */,
				567957232CC699AF00727E68 /* Mouse.hpp */,
				5688AA2B2CCA81E4006406E6 /* GameManager.cpp */,
				5688AA2C2CCA81E4006406E6 /* GameManager.hpp */,
			);
			path = Context;
			sourceTree = "<group>";
		};
		5661A9F32C841F99002E52DA /* Mesh */ = {
			isa = PBXGroup;
			children = (
				5661A9ED2C840910002E52DA /* Mesh.cpp */,
				5661A9EE2C840910002E52DA /* Mesh.hpp */,
				562CB3162C9E5ED50081658C /* Vertex.h */,
				5618917D2CB40F1A004BCC55 /* MeshGroup.cpp */,
				5618917E2CB40F1A004BCC55 /* MeshGroup.hpp */,
				56F09AB02CB6B84E005BC541 /* MeshBase.h */,
			);
			path = Mesh;
			sourceTree = "<group>";
		};
		5661A9F42C842286002E52DA /* Shader */ = {
			isa = PBXGroup;
			children = (
				5661A9F52C842349002E52DA /* default.vert */,
				5661A9F62C84235D002E52DA /* default.frag */,
				562BD0E92CBABE0C005D7273 /* solid.frag */,
				562BD0EA2CBABE40005D7273 /* solid.vert */,
				5630F21F2CD5F3CD008157F6 /* text.frag */,
				564005D12CC28922007FCDDC /* grid.vert */,
				564005D22CC28933007FCDDC /* grid.frag */,
			);
			path = Shader;
			sourceTree = "<group>";
		};
		5661A9F72C84246D002E52DA /* Utility */ = {
			isa = PBXGroup;
			children = (
				56494CB02C94824B001E9CFA /* Transform.cpp */,
				56494CB12C94824B001E9CFA /* Transform.hpp */,
				564CEB512C88822500A0869F /* Utility.hpp */,
				564CEB4F2C88821B00A0869F /* Utility.cpp */,
				563F4C082C95655400AD7777 /* Clock.cpp */,
				563F4C092C95655400AD7777 /* Clock.hpp */,
				56B0943B2CA2FDE200293E4B /* Debugger.cpp */,
				56B0943C2CA2FDE200293E4B /* Debugger.hpp */,
				56414CA02CA45B470094518B /* Constant.h */,
				56F10FC92CB56ED200AD9FC4 /* Template.h */,
				56FCC72C2CBD447800B43654 /* Color.h */,
			);
			path = Utility;
			sourceTree = "<group>";
		};
		56B09B992CC3857000438C91 /* Prefab */ = {
			isa = PBXGroup;
			children = (
				560E85F02CCCB2F700A5727A /* Text.cpp */,
				560E85F12CCCB2F700A5727A /* Text.hpp */,
				56F69D532CC15F060070C722 /* Grid.cpp */,
				56F69D542CC15F060070C722 /* Grid.hpp */,
				56F5D3962CCE25E000BE406C /* PrefabBase.h */,
			);
			path = Prefab;
			sourceTree = "<group>";
		};
		56C024092CAD880F004D3F6F /* Material */ = {
			isa = PBXGroup;
			children = (
				5661A9F42C842286002E52DA /* Shader */,
				564988B72C91CA0C007E0B33 /* Texture.cpp */,
				564988B82C91CA0C007E0B33 /* Texture.hpp */,
				56C0240B2CAD8853004D3F6F /* DefaultMaterial.hpp */,
				562BD0E82CBABC8F005D7273 /* SolidMaterial.hpp */,
				564CEB522C888AAF00A0869F /* Shader.cpp */,
				564CEB532C888AAF00A0869F /* Shader.hpp */,
				5614DBA22CB02A920098B374 /* MaterialBase.cpp */,
				5614DBA32CB02A920098B374 /* MaterialBase.hpp */,
				56A498732CD3C947006248E6 /* Uniform.h */,
			);
			path = Material;
			sourceTree = "<group>";
		};
/* End PBXGroup section */

/* Begin PBXNativeTarget section */
		564A44092C82AE3E0065D0C1 /* opengl-expe */ = {
			isa = PBXNativeTarget;
			buildConfigurationList = 564A44112C82AE3E0065D0C1 /* Build configuration list for PBXNativeTarget "opengl-expe" */;
			buildPhases = (
				561C7AF02C83638D000DACA9 /* Embed Libraries */,
				564A44062C82AE3E0065D0C1 /* Sources */,
				564A44072C82AE3E0065D0C1 /* Frameworks */,
				564A44082C82AE3E0065D0C1 /* CopyFiles */,
			);
			buildRules = (
			);
			dependencies = (
			);
			name = "opengl-expe";
			productName = opengl;
			productReference = 564A440A2C82AE3E0065D0C1 /* opengl-expe */;
			productType = "com.apple.product-type.tool";
		};
/* End PBXNativeTarget section */

/* Begin PBXProject section */
		564A44022C82AE3E0065D0C1 /* Project object */ = {
			isa = PBXProject;
			attributes = {
				BuildIndependentTargetsInParallel = 1;
				LastUpgradeCheck = 1340;
				TargetAttributes = {
					564A44092C82AE3E0065D0C1 = {
						CreatedOnToolsVersion = 13.4.1;
					};
				};
			};
			buildConfigurationList = 564A44052C82AE3E0065D0C1 /* Build configuration list for PBXProject "opengl-expe" */;
			compatibilityVersion = "Xcode 13.0";
			developmentRegion = en;
			hasScannedForEncodings = 0;
			knownRegions = (
				en,
				Base,
			);
			mainGroup = 564A44012C82AE3E0065D0C1;
			productRefGroup = 564A440B2C82AE3E0065D0C1 /* Products */;
			projectDirPath = "";
			projectRoot = "";
			targets = (
				564A44092C82AE3E0065D0C1 /* opengl-expe */,
			);
		};
/* End PBXProject section */

/* Begin PBXSourcesBuildPhase section */
		564A44062C82AE3E0065D0C1 /* Sources */ = {
			isa = PBXSourcesBuildPhase;
			buildActionMask = 2147483647;
			files = (
				5614DBA42CB02A920098B374 /* MaterialBase.cpp in Sources */,
				56494CB22C94824B001E9CFA /* Transform.cpp in Sources */,
				56C4E9CA2CC0047100F22DEF /* Points.cpp in Sources */,
				5661A9EF2C840910002E52DA /* Mesh.cpp in Sources */,
				560E85F22CCCB2F700A5727A /* Text.cpp in Sources */,
				56F69D512CC15EB40070C722 /* Gizmos.cpp in Sources */,
				567957242CC699AF00727E68 /* Mouse.cpp in Sources */,
				564B5E9F2CA054B900C3A1E3 /* VAO.cpp in Sources */,
				564A441D2C82F4330065D0C1 /* Window.cpp in Sources */,
				564B5E9C2CA03BDD00C3A1E3 /* VBO.cpp in Sources */,
				564CEB502C88821B00A0869F /* Utility.cpp in Sources */,
				563F4C062C95380400AD7777 /* Camera.cpp in Sources */,
				564988B92C91CA0C007E0B33 /* Texture.cpp in Sources */,
				5618917F2CB40F1A004BCC55 /* MeshGroup.cpp in Sources */,
				5688AA2D2CCA81E4006406E6 /* GameManager.cpp in Sources */,
				56F69D552CC15F060070C722 /* Grid.cpp in Sources */,
				5695ED462CA595CC00AF16D4 /* Scene.cpp in Sources */,
				564B5EA22CA058C100C3A1E3 /* EBO.cpp in Sources */,
				56B0943D2CA2FDE200293E4B /* Debugger.cpp in Sources */,
				5661A9F12C841247002E52DA /* main.cpp in Sources */,
				561F08282CA82E2F007570EA /* Rectangle.cpp in Sources */,
				563F4C0A2C95655400AD7777 /* Clock.cpp in Sources */,
				564CEB542C888AAF00A0869F /* Shader.cpp in Sources */,
				5631D4FD2C9B97C800A99F30 /* Gltf.cpp in Sources */,
				567957262CC69FBC00727E68 /* Keyboard.cpp in Sources */,
			);
			runOnlyForDeploymentPostprocessing = 0;
		};
/* End PBXSourcesBuildPhase section */

/* Begin XCBuildConfiguration section */
		564A440F2C82AE3E0065D0C1 /* Debug */ = {
			isa = XCBuildConfiguration;
			buildSettings = {
				ALWAYS_SEARCH_USER_PATHS = NO;
				CLANG_ANALYZER_NONNULL = YES;
				CLANG_ANALYZER_NUMBER_OBJECT_CONVERSION = YES_AGGRESSIVE;
				CLANG_CXX_LANGUAGE_STANDARD = "gnu++17";
				CLANG_ENABLE_MODULES = YES;
				CLANG_ENABLE_OBJC_ARC = YES;
				CLANG_ENABLE_OBJC_WEAK = YES;
				CLANG_WARN_BLOCK_CAPTURE_AUTORELEASING = YES;
				CLANG_WARN_BOOL_CONVERSION = YES;
				CLANG_WARN_COMMA = YES;
				CLANG_WARN_CONSTANT_CONVERSION = YES;
				CLANG_WARN_DEPRECATED_OBJC_IMPLEMENTATIONS = YES;
				CLANG_WARN_DIRECT_OBJC_ISA_USAGE = YES_ERROR;
				CLANG_WARN_DOCUMENTATION_COMMENTS = YES;
				CLANG_WARN_EMPTY_BODY = YES;
				CLANG_WARN_ENUM_CONVERSION = YES;
				CLANG_WARN_INFINITE_RECURSION = YES;
				CLANG_WARN_INT_CONVERSION = YES;
				CLANG_WARN_NON_LITERAL_NULL_CONVERSION = YES;
				CLANG_WARN_OBJC_IMPLICIT_RETAIN_SELF = YES;
				CLANG_WARN_OBJC_LITERAL_CONVERSION = YES;
				CLANG_WARN_OBJC_ROOT_CLASS = YES_ERROR;
				CLANG_WARN_QUOTED_INCLUDE_IN_FRAMEWORK_HEADER = YES;
				CLANG_WARN_RANGE_LOOP_ANALYSIS = YES;
				CLANG_WARN_STRICT_PROTOTYPES = YES;
				CLANG_WARN_SUSPICIOUS_MOVE = YES;
				CLANG_WARN_UNGUARDED_AVAILABILITY = YES_AGGRESSIVE;
				CLANG_WARN_UNREACHABLE_CODE = YES;
				CLANG_WARN__DUPLICATE_METHOD_MATCH = YES;
				COPY_PHASE_STRIP = NO;
				DEBUG_INFORMATION_FORMAT = dwarf;
				ENABLE_STRICT_OBJC_MSGSEND = YES;
				ENABLE_TESTABILITY = YES;
				GCC_C_LANGUAGE_STANDARD = gnu11;
				GCC_DYNAMIC_NO_PIC = NO;
				GCC_NO_COMMON_BLOCKS = YES;
				GCC_OPTIMIZATION_LEVEL = 0;
				GCC_PREPROCESSOR_DEFINITIONS = (
					"DEBUG=1",
					"$(inherited)",
				);
				GCC_WARN_64_TO_32_BIT_CONVERSION = YES;
				GCC_WARN_ABOUT_RETURN_TYPE = YES_ERROR;
				GCC_WARN_UNDECLARED_SELECTOR = YES;
				GCC_WARN_UNINITIALIZED_AUTOS = YES_AGGRESSIVE;
				GCC_WARN_UNUSED_FUNCTION = YES;
				GCC_WARN_UNUSED_VARIABLE = YES;
				MACOSX_DEPLOYMENT_TARGET = 12.3;
				MTL_ENABLE_DEBUG_INFO = INCLUDE_SOURCE;
				MTL_FAST_MATH = YES;
				ONLY_ACTIVE_ARCH = YES;
				SDKROOT = macosx;
			};
			name = Debug;
		};
		564A44102C82AE3E0065D0C1 /* Release */ = {
			isa = XCBuildConfiguration;
			buildSettings = {
				ALWAYS_SEARCH_USER_PATHS = NO;
				CLANG_ANALYZER_NONNULL = YES;
				CLANG_ANALYZER_NUMBER_OBJECT_CONVERSION = YES_AGGRESSIVE;
				CLANG_CXX_LANGUAGE_STANDARD = "gnu++17";
				CLANG_ENABLE_MODULES = YES;
				CLANG_ENABLE_OBJC_ARC = YES;
				CLANG_ENABLE_OBJC_WEAK = YES;
				CLANG_WARN_BLOCK_CAPTURE_AUTORELEASING = YES;
				CLANG_WARN_BOOL_CONVERSION = YES;
				CLANG_WARN_COMMA = YES;
				CLANG_WARN_CONSTANT_CONVERSION = YES;
				CLANG_WARN_DEPRECATED_OBJC_IMPLEMENTATIONS = YES;
				CLANG_WARN_DIRECT_OBJC_ISA_USAGE = YES_ERROR;
				CLANG_WARN_DOCUMENTATION_COMMENTS = YES;
				CLANG_WARN_EMPTY_BODY = YES;
				CLANG_WARN_ENUM_CONVERSION = YES;
				CLANG_WARN_INFINITE_RECURSION = YES;
				CLANG_WARN_INT_CONVERSION = YES;
				CLANG_WARN_NON_LITERAL_NULL_CONVERSION = YES;
				CLANG_WARN_OBJC_IMPLICIT_RETAIN_SELF = YES;
				CLANG_WARN_OBJC_LITERAL_CONVERSION = YES;
				CLANG_WARN_OBJC_ROOT_CLASS = YES_ERROR;
				CLANG_WARN_QUOTED_INCLUDE_IN_FRAMEWORK_HEADER = YES;
				CLANG_WARN_RANGE_LOOP_ANALYSIS = YES;
				CLANG_WARN_STRICT_PROTOTYPES = YES;
				CLANG_WARN_SUSPICIOUS_MOVE = YES;
				CLANG_WARN_UNGUARDED_AVAILABILITY = YES_AGGRESSIVE;
				CLANG_WARN_UNREACHABLE_CODE = YES;
				CLANG_WARN__DUPLICATE_METHOD_MATCH = YES;
				COPY_PHASE_STRIP = NO;
				DEBUG_INFORMATION_FORMAT = "dwarf-with-dsym";
				ENABLE_NS_ASSERTIONS = NO;
				ENABLE_STRICT_OBJC_MSGSEND = YES;
				GCC_C_LANGUAGE_STANDARD = gnu11;
				GCC_NO_COMMON_BLOCKS = YES;
				GCC_WARN_64_TO_32_BIT_CONVERSION = YES;
				GCC_WARN_ABOUT_RETURN_TYPE = YES_ERROR;
				GCC_WARN_UNDECLARED_SELECTOR = YES;
				GCC_WARN_UNINITIALIZED_AUTOS = YES_AGGRESSIVE;
				GCC_WARN_UNUSED_FUNCTION = YES;
				GCC_WARN_UNUSED_VARIABLE = YES;
				MACOSX_DEPLOYMENT_TARGET = 12.3;
				MTL_ENABLE_DEBUG_INFO = NO;
				MTL_FAST_MATH = YES;
				SDKROOT = macosx;
			};
			name = Release;
		};
		564A44122C82AE3E0065D0C1 /* Debug */ = {
			isa = XCBuildConfiguration;
			buildSettings = {
				CODE_SIGN_IDENTITY = "Apple Development";
				CODE_SIGN_STYLE = Manual;
				DEVELOPMENT_TEAM = 89WV9S79ZF;
				HEADER_SEARCH_PATHS = (
					/usr/local/include,
					/usr/local/include/freetype2,
				);
				LIBRARY_SEARCH_PATHS = (
					"$(inherited)",
					/usr/local/Cellar/sdl2/2.30.6/lib,
					/usr/local/Cellar/glew/2.2.0_1/lib,
					/usr/local/Cellar/sdl2_image/2.8.2_1/lib,
					/usr/local/Cellar/glm/1.0.1/lib,
					/usr/local/Cellar/freetype/2.13.3/lib,
				);
				PRODUCT_NAME = "$(TARGET_NAME)";
				PROVISIONING_PROFILE_SPECIFIER = "";
			};
			name = Debug;
		};
		564A44132C82AE3E0065D0C1 /* Release */ = {
			isa = XCBuildConfiguration;
			buildSettings = {
				CODE_SIGN_IDENTITY = "Apple Development";
				CODE_SIGN_STYLE = Manual;
				DEVELOPMENT_TEAM = 89WV9S79ZF;
				HEADER_SEARCH_PATHS = (
					/usr/local/include,
					/usr/local/include/freetype2,
				);
				LIBRARY_SEARCH_PATHS = (
					"$(inherited)",
					/usr/local/Cellar/sdl2/2.30.6/lib,
					/usr/local/Cellar/glew/2.2.0_1/lib,
					/usr/local/Cellar/sdl2_image/2.8.2_1/lib,
					/usr/local/Cellar/glm/1.0.1/lib,
					/usr/local/Cellar/freetype/2.13.3/lib,
				);
				PRODUCT_NAME = "$(TARGET_NAME)";
				PROVISIONING_PROFILE_SPECIFIER = "";
			};
			name = Release;
		};
/* End XCBuildConfiguration section */

/* Begin XCConfigurationList section */
		564A44052C82AE3E0065D0C1 /* Build configuration list for PBXProject "opengl-expe" */ = {
			isa = XCConfigurationList;
			buildConfigurations = (
				564A440F2C82AE3E0065D0C1 /* Debug */,
				564A44102C82AE3E0065D0C1 /* Release */,
			);
			defaultConfigurationIsVisible = 0;
			defaultConfigurationName = Release;
		};
		564A44112C82AE3E0065D0C1 /* Build configuration list for PBXNativeTarget "opengl-expe" */ = {
			isa = XCConfigurationList;
			buildConfigurations = (
				564A44122C82AE3E0065D0C1 /* Debug */,
				564A44132C82AE3E0065D0C1 /* Release */,
			);
			defaultConfigurationIsVisible = 0;
			defaultConfigurationName = Release;
		};
/* End XCConfigurationList section */
	};
	rootObject = 564A44022C82AE3E0065D0C1 /* Project object */;
}
