// !$*UTF8*$!
{
	archiveVersion = 1;
	classes = {
	};
	objectVersion = 55;
	objects = {

/* Begin PBXBuildFile section */
		561C7AEE2C83638C000DACA9 /* libGLEW.2.2.0.dylib in Frameworks */ = {isa = PBXBuildFile; fileRef = 561C7AEA2C835CCB000DACA9 /* libGLEW.2.2.0.dylib */; };
		561C7AEF2C83638C000DACA9 /* libGLEW.2.2.0.dylib in Embed Libraries */ = {isa = PBXBuildFile; fileRef = 561C7AEA2C835CCB000DACA9 /* libGLEW.2.2.0.dylib */; settings = {ATTRIBUTES = (CodeSignOnCopy, ); }; };
		564A44162C82AE780065D0C1 /* OpenGL.framework in Frameworks */ = {isa = PBXBuildFile; fileRef = 564A44152C82AE780065D0C1 /* OpenGL.framework */; };
		564A44182C82B4E70065D0C1 /* libSDL2-2.0.0.dylib in Frameworks */ = {isa = PBXBuildFile; fileRef = 564A44172C82B4E70065D0C1 /* libSDL2-2.0.0.dylib */; };
		564A441D2C82F4330065D0C1 /* Window.cpp in Sources */ = {isa = PBXBuildFile; fileRef = 564A441C2C82F4330065D0C1 /* Window.cpp */; };
		564CEB502C88821B00A0869F /* Utility.cpp in Sources */ = {isa = PBXBuildFile; fileRef = 564CEB4F2C88821B00A0869F /* Utility.cpp */; };
		564CEB542C888AAF00A0869F /* Shader.cpp in Sources */ = {isa = PBXBuildFile; fileRef = 564CEB522C888AAF00A0869F /* Shader.cpp */; };
		5661A9EF2C840910002E52DA /* Primitive.cpp in Sources */ = {isa = PBXBuildFile; fileRef = 5661A9ED2C840910002E52DA /* Primitive.cpp */; };
		5661A9F12C841247002E52DA /* main.cpp in Sources */ = {isa = PBXBuildFile; fileRef = 5661A9F02C841247002E52DA /* main.cpp */; };
/* End PBXBuildFile section */

/* Begin PBXCopyFilesBuildPhase section */
		561C7AF02C83638D000DACA9 /* Embed Libraries */ = {
			isa = PBXCopyFilesBuildPhase;
			buildActionMask = 2147483647;
			dstPath = "";
			dstSubfolderSpec = 10;
			files = (
				561C7AEF2C83638C000DACA9 /* libGLEW.2.2.0.dylib in Embed Libraries */,
			);
			name = "Embed Libraries";
			runOnlyForDeploymentPostprocessing = 0;
		};
		564A44082C82AE3E0065D0C1 /* CopyFiles */ = {
			isa = PBXCopyFilesBuildPhase;
			buildActionMask = 2147483647;
			dstPath = /usr/share/man/man1/;
			dstSubfolderSpec = 0;
			files = (
			);
			runOnlyForDeploymentPostprocessing = 1;
		};
/* End PBXCopyFilesBuildPhase section */

/* Begin PBXFileReference section */
		561C7AEA2C835CCB000DACA9 /* libGLEW.2.2.0.dylib */ = {isa = PBXFileReference; lastKnownFileType = "compiled.mach-o.dylib"; name = libGLEW.2.2.0.dylib; path = ../../../../../usr/local/Cellar/glew/2.2.0_1/lib/libGLEW.2.2.0.dylib; sourceTree = "<group>"; };
		564A440A2C82AE3E0065D0C1 /* opengl-expe */ = {isa = PBXFileReference; explicitFileType = "compiled.mach-o.executable"; includeInIndex = 0; path = "opengl-expe"; sourceTree = BUILT_PRODUCTS_DIR; };
		564A44152C82AE780065D0C1 /* OpenGL.framework */ = {isa = PBXFileReference; lastKnownFileType = wrapper.framework; name = OpenGL.framework; path = System/Library/Frameworks/OpenGL.framework; sourceTree = SDKROOT; };
		564A44172C82B4E70065D0C1 /* libSDL2-2.0.0.dylib */ = {isa = PBXFileReference; lastKnownFileType = "compiled.mach-o.dylib"; name = "libSDL2-2.0.0.dylib"; path = "../../../../../usr/local/Cellar/sdl2/2.30.6/lib/libSDL2-2.0.0.dylib"; sourceTree = "<group>"; };
		564A441B2C82EB5C0065D0C1 /* Window.hpp */ = {isa = PBXFileReference; lastKnownFileType = sourcecode.cpp.h; path = Window.hpp; sourceTree = "<group>"; };
		564A441C2C82F4330065D0C1 /* Window.cpp */ = {isa = PBXFileReference; lastKnownFileType = sourcecode.cpp.cpp; path = Window.cpp; sourceTree = "<group>"; };
		564CEB4F2C88821B00A0869F /* Utility.cpp */ = {isa = PBXFileReference; fileEncoding = 4; lastKnownFileType = sourcecode.cpp.cpp; path = Utility.cpp; sourceTree = "<group>"; };
		564CEB512C88822500A0869F /* Utility.hpp */ = {isa = PBXFileReference; fileEncoding = 4; lastKnownFileType = sourcecode.cpp.h; path = Utility.hpp; sourceTree = "<group>"; };
		564CEB522C888AAF00A0869F /* Shader.cpp */ = {isa = PBXFileReference; lastKnownFileType = sourcecode.cpp.cpp; path = Shader.cpp; sourceTree = "<group>"; };
		564CEB532C888AAF00A0869F /* Shader.hpp */ = {isa = PBXFileReference; lastKnownFileType = sourcecode.cpp.h; path = Shader.hpp; sourceTree = "<group>"; };
		5661A9ED2C840910002E52DA /* Primitive.cpp */ = {isa = PBXFileReference; lastKnownFileType = sourcecode.cpp.cpp; path = Primitive.cpp; sourceTree = "<group>"; };
		5661A9EE2C840910002E52DA /* Primitive.hpp */ = {isa = PBXFileReference; lastKnownFileType = sourcecode.cpp.h; path = Primitive.hpp; sourceTree = "<group>"; };
		5661A9F02C841247002E52DA /* main.cpp */ = {isa = PBXFileReference; fileEncoding = 4; lastKnownFileType = sourcecode.cpp.cpp; path = main.cpp; sourceTree = "<group>"; };
		5661A9F52C842349002E52DA /* triangle.vert */ = {isa = PBXFileReference; lastKnownFileType = sourcecode.glsl; path = triangle.vert; sourceTree = "<group>"; };
		5661A9F62C84235D002E52DA /* triangle.frag */ = {isa = PBXFileReference; lastKnownFileType = sourcecode.glsl; path = triangle.frag; sourceTree = "<group>"; };
/* End PBXFileReference section */

/* Begin PBXFrameworksBuildPhase section */
		564A44072C82AE3E0065D0C1 /* Frameworks */ = {
			isa = PBXFrameworksBuildPhase;
			buildActionMask = 2147483647;
			files = (
				564A44182C82B4E70065D0C1 /* libSDL2-2.0.0.dylib in Frameworks */,
				561C7AEE2C83638C000DACA9 /* libGLEW.2.2.0.dylib in Frameworks */,
				564A44162C82AE780065D0C1 /* OpenGL.framework in Frameworks */,
			);
			runOnlyForDeploymentPostprocessing = 0;
		};
/* End PBXFrameworksBuildPhase section */

/* Begin PBXGroup section */
		564A44012C82AE3E0065D0C1 = {
			isa = PBXGroup;
			children = (
				564A440C2C82AE3E0065D0C1 /* opengl-expe */,
				564A440B2C82AE3E0065D0C1 /* Products */,
				564A44142C82AE780065D0C1 /* Frameworks */,
			);
			sourceTree = "<group>";
		};
		564A440B2C82AE3E0065D0C1 /* Products */ = {
			isa = PBXGroup;
			children = (
				564A440A2C82AE3E0065D0C1 /* opengl-expe */,
			);
			name = Products;
			sourceTree = "<group>";
		};
		564A440C2C82AE3E0065D0C1 /* opengl-expe */ = {
			isa = PBXGroup;
			children = (
				5661A9F72C84246D002E52DA /* Utility */,
				5661A9F42C842286002E52DA /* Shader */,
				5661A9F32C841F99002E52DA /* Mesh */,
				5661A9F22C841F63002E52DA /* Context */,
				5661A9F02C841247002E52DA /* main.cpp */,
			);
			path = "opengl-expe";
			sourceTree = "<group>";
		};
		564A44142C82AE780065D0C1 /* Frameworks */ = {
			isa = PBXGroup;
			children = (
				561C7AEA2C835CCB000DACA9 /* libGLEW.2.2.0.dylib */,
				564A44172C82B4E70065D0C1 /* libSDL2-2.0.0.dylib */,
				564A44152C82AE780065D0C1 /* OpenGL.framework */,
			);
			name = Frameworks;
			sourceTree = "<group>";
		};
		5661A9F22C841F63002E52DA /* Context */ = {
			isa = PBXGroup;
			children = (
				564A441B2C82EB5C0065D0C1 /* Window.hpp */,
				564A441C2C82F4330065D0C1 /* Window.cpp */,
			);
			path = Context;
			sourceTree = "<group>";
		};
		5661A9F32C841F99002E52DA /* Mesh */ = {
			isa = PBXGroup;
			children = (
				5661A9ED2C840910002E52DA /* Primitive.cpp */,
				5661A9EE2C840910002E52DA /* Primitive.hpp */,
				564CEB522C888AAF00A0869F /* Shader.cpp */,
				564CEB532C888AAF00A0869F /* Shader.hpp */,
			);
			path = Mesh;
			sourceTree = "<group>";
		};
		5661A9F42C842286002E52DA /* Shader */ = {
			isa = PBXGroup;
			children = (
				5661A9F52C842349002E52DA /* triangle.vert */,
				5661A9F62C84235D002E52DA /* triangle.frag */,
			);
			path = Shader;
			sourceTree = "<group>";
		};
		5661A9F72C84246D002E52DA /* Utility */ = {
			isa = PBXGroup;
			children = (
				564CEB512C88822500A0869F /* Utility.hpp */,
				564CEB4F2C88821B00A0869F /* Utility.cpp */,
			);
			path = Utility;
			sourceTree = "<group>";
		};
/* End PBXGroup section */

/* Begin PBXNativeTarget section */
		564A44092C82AE3E0065D0C1 /* opengl-expe */ = {
			isa = PBXNativeTarget;
			buildConfigurationList = 564A44112C82AE3E0065D0C1 /* Build configuration list for PBXNativeTarget "opengl-expe" */;
			buildPhases = (
				564A44062C82AE3E0065D0C1 /* Sources */,
				564A44072C82AE3E0065D0C1 /* Frameworks */,
				564A44082C82AE3E0065D0C1 /* CopyFiles */,
				561C7AF02C83638D000DACA9 /* Embed Libraries */,
			);
			buildRules = (
			);
			dependencies = (
			);
			name = "opengl-expe";
			productName = opengl;
			productReference = 564A440A2C82AE3E0065D0C1 /* opengl-expe */;
			productType = "com.apple.product-type.tool";
		};
/* End PBXNativeTarget section */

/* Begin PBXProject section */
		564A44022C82AE3E0065D0C1 /* Project object */ = {
			isa = PBXProject;
			attributes = {
				BuildIndependentTargetsInParallel = 1;
				LastUpgradeCheck = 1340;
				TargetAttributes = {
					564A44092C82AE3E0065D0C1 = {
						CreatedOnToolsVersion = 13.4.1;
					};
				};
			};
			buildConfigurationList = 564A44052C82AE3E0065D0C1 /* Build configuration list for PBXProject "opengl-expe" */;
			compatibilityVersion = "Xcode 13.0";
			developmentRegion = en;
			hasScannedForEncodings = 0;
			knownRegions = (
				en,
				Base,
			);
			mainGroup = 564A44012C82AE3E0065D0C1;
			productRefGroup = 564A440B2C82AE3E0065D0C1 /* Products */;
			projectDirPath = "";
			projectRoot = "";
			targets = (
				564A44092C82AE3E0065D0C1 /* opengl-expe */,
			);
		};
/* End PBXProject section */

/* Begin PBXSourcesBuildPhase section */
		564A44062C82AE3E0065D0C1 /* Sources */ = {
			isa = PBXSourcesBuildPhase;
			buildActionMask = 2147483647;
			files = (
				5661A9EF2C840910002E52DA /* Primitive.cpp in Sources */,
				564A441D2C82F4330065D0C1 /* Window.cpp in Sources */,
				564CEB502C88821B00A0869F /* Utility.cpp in Sources */,
				5661A9F12C841247002E52DA /* main.cpp in Sources */,
				564CEB542C888AAF00A0869F /* Shader.cpp in Sources */,
			);
			runOnlyForDeploymentPostprocessing = 0;
		};
/* End PBXSourcesBuildPhase section */

/* Begin XCBuildConfiguration section */
		564A440F2C82AE3E0065D0C1 /* Debug */ = {
			isa = XCBuildConfiguration;
			buildSettings = {
				ALWAYS_SEARCH_USER_PATHS = NO;
				CLANG_ANALYZER_NONNULL = YES;
				CLANG_ANALYZER_NUMBER_OBJECT_CONVERSION = YES_AGGRESSIVE;
				CLANG_CXX_LANGUAGE_STANDARD = "gnu++17";
				CLANG_ENABLE_MODULES = YES;
				CLANG_ENABLE_OBJC_ARC = YES;
				CLANG_ENABLE_OBJC_WEAK = YES;
				CLANG_WARN_BLOCK_CAPTURE_AUTORELEASING = YES;
				CLANG_WARN_BOOL_CONVERSION = YES;
				CLANG_WARN_COMMA = YES;
				CLANG_WARN_CONSTANT_CONVERSION = YES;
				CLANG_WARN_DEPRECATED_OBJC_IMPLEMENTATIONS = YES;
				CLANG_WARN_DIRECT_OBJC_ISA_USAGE = YES_ERROR;
				CLANG_WARN_DOCUMENTATION_COMMENTS = YES;
				CLANG_WARN_EMPTY_BODY = YES;
				CLANG_WARN_ENUM_CONVERSION = YES;
				CLANG_WARN_INFINITE_RECURSION = YES;
				CLANG_WARN_INT_CONVERSION = YES;
				CLANG_WARN_NON_LITERAL_NULL_CONVERSION = YES;
				CLANG_WARN_OBJC_IMPLICIT_RETAIN_SELF = YES;
				CLANG_WARN_OBJC_LITERAL_CONVERSION = YES;
				CLANG_WARN_OBJC_ROOT_CLASS = YES_ERROR;
				CLANG_WARN_QUOTED_INCLUDE_IN_FRAMEWORK_HEADER = YES;
				CLANG_WARN_RANGE_LOOP_ANALYSIS = YES;
				CLANG_WARN_STRICT_PROTOTYPES = YES;
				CLANG_WARN_SUSPICIOUS_MOVE = YES;
				CLANG_WARN_UNGUARDED_AVAILABILITY = YES_AGGRESSIVE;
				CLANG_WARN_UNREACHABLE_CODE = YES;
				CLANG_WARN__DUPLICATE_METHOD_MATCH = YES;
				COPY_PHASE_STRIP = NO;
				DEBUG_INFORMATION_FORMAT = dwarf;
				ENABLE_STRICT_OBJC_MSGSEND = YES;
				ENABLE_TESTABILITY = YES;
				GCC_C_LANGUAGE_STANDARD = gnu11;
				GCC_DYNAMIC_NO_PIC = NO;
				GCC_NO_COMMON_BLOCKS = YES;
				GCC_OPTIMIZATION_LEVEL = 0;
				GCC_PREPROCESSOR_DEFINITIONS = (
					"DEBUG=1",
					"$(inherited)",
				);
				GCC_WARN_64_TO_32_BIT_CONVERSION = YES;
				GCC_WARN_ABOUT_RETURN_TYPE = YES_ERROR;
				GCC_WARN_UNDECLARED_SELECTOR = YES;
				GCC_WARN_UNINITIALIZED_AUTOS = YES_AGGRESSIVE;
				GCC_WARN_UNUSED_FUNCTION = YES;
				GCC_WARN_UNUSED_VARIABLE = YES;
				MACOSX_DEPLOYMENT_TARGET = 12.3;
				MTL_ENABLE_DEBUG_INFO = INCLUDE_SOURCE;
				MTL_FAST_MATH = YES;
				ONLY_ACTIVE_ARCH = YES;
				SDKROOT = macosx;
			};
			name = Debug;
		};
		564A44102C82AE3E0065D0C1 /* Release */ = {
			isa = XCBuildConfiguration;
			buildSettings = {
				ALWAYS_SEARCH_USER_PATHS = NO;
				CLANG_ANALYZER_NONNULL = YES;
				CLANG_ANALYZER_NUMBER_OBJECT_CONVERSION = YES_AGGRESSIVE;
				CLANG_CXX_LANGUAGE_STANDARD = "gnu++17";
				CLANG_ENABLE_MODULES = YES;
				CLANG_ENABLE_OBJC_ARC = YES;
				CLANG_ENABLE_OBJC_WEAK = YES;
				CLANG_WARN_BLOCK_CAPTURE_AUTORELEASING = YES;
				CLANG_WARN_BOOL_CONVERSION = YES;
				CLANG_WARN_COMMA = YES;
				CLANG_WARN_CONSTANT_CONVERSION = YES;
				CLANG_WARN_DEPRECATED_OBJC_IMPLEMENTATIONS = YES;
				CLANG_WARN_DIRECT_OBJC_ISA_USAGE = YES_ERROR;
				CLANG_WARN_DOCUMENTATION_COMMENTS = YES;
				CLANG_WARN_EMPTY_BODY = YES;
				CLANG_WARN_ENUM_CONVERSION = YES;
				CLANG_WARN_INFINITE_RECURSION = YES;
				CLANG_WARN_INT_CONVERSION = YES;
				CLANG_WARN_NON_LITERAL_NULL_CONVERSION = YES;
				CLANG_WARN_OBJC_IMPLICIT_RETAIN_SELF = YES;
				CLANG_WARN_OBJC_LITERAL_CONVERSION = YES;
				CLANG_WARN_OBJC_ROOT_CLASS = YES_ERROR;
				CLANG_WARN_QUOTED_INCLUDE_IN_FRAMEWORK_HEADER = YES;
				CLANG_WARN_RANGE_LOOP_ANALYSIS = YES;
				CLANG_WARN_STRICT_PROTOTYPES = YES;
				CLANG_WARN_SUSPICIOUS_MOVE = YES;
				CLANG_WARN_UNGUARDED_AVAILABILITY = YES_AGGRESSIVE;
				CLANG_WARN_UNREACHABLE_CODE = YES;
				CLANG_WARN__DUPLICATE_METHOD_MATCH = YES;
				COPY_PHASE_STRIP = NO;
				DEBUG_INFORMATION_FORMAT = "dwarf-with-dsym";
				ENABLE_NS_ASSERTIONS = NO;
				ENABLE_STRICT_OBJC_MSGSEND = YES;
				GCC_C_LANGUAGE_STANDARD = gnu11;
				GCC_NO_COMMON_BLOCKS = YES;
				GCC_WARN_64_TO_32_BIT_CONVERSION = YES;
				GCC_WARN_ABOUT_RETURN_TYPE = YES_ERROR;
				GCC_WARN_UNDECLARED_SELECTOR = YES;
				GCC_WARN_UNINITIALIZED_AUTOS = YES_AGGRESSIVE;
				GCC_WARN_UNUSED_FUNCTION = YES;
				GCC_WARN_UNUSED_VARIABLE = YES;
				MACOSX_DEPLOYMENT_TARGET = 12.3;
				MTL_ENABLE_DEBUG_INFO = NO;
				MTL_FAST_MATH = YES;
				SDKROOT = macosx;
			};
			name = Release;
		};
		564A44122C82AE3E0065D0C1 /* Debug */ = {
			isa = XCBuildConfiguration;
			buildSettings = {
				CODE_SIGN_IDENTITY = "Apple Development";
				CODE_SIGN_STYLE = Manual;
				DEVELOPMENT_TEAM = 89WV9S79ZF;
				HEADER_SEARCH_PATHS = /usr/local/include;
				LIBRARY_SEARCH_PATHS = (
					"$(inherited)",
					/usr/local/Cellar/sdl2/2.30.6/lib,
					/usr/local/Cellar/glew/2.2.0_1/lib,
				);
				PRODUCT_NAME = "$(TARGET_NAME)";
				PROVISIONING_PROFILE_SPECIFIER = "";
			};
			name = Debug;
		};
		564A44132C82AE3E0065D0C1 /* Release */ = {
			isa = XCBuildConfiguration;
			buildSettings = {
				CODE_SIGN_IDENTITY = "Apple Development";
				CODE_SIGN_STYLE = Manual;
				DEVELOPMENT_TEAM = 89WV9S79ZF;
				HEADER_SEARCH_PATHS = /usr/local/include;
				LIBRARY_SEARCH_PATHS = (
					"$(inherited)",
					/usr/local/Cellar/sdl2/2.30.6/lib,
					/usr/local/Cellar/glew/2.2.0_1/lib,
				);
				PRODUCT_NAME = "$(TARGET_NAME)";
				PROVISIONING_PROFILE_SPECIFIER = "";
			};
			name = Release;
		};
/* End XCBuildConfiguration section */

/* Begin XCConfigurationList section */
		564A44052C82AE3E0065D0C1 /* Build configuration list for PBXProject "opengl-expe" */ = {
			isa = XCConfigurationList;
			buildConfigurations = (
				564A440F2C82AE3E0065D0C1 /* Debug */,
				564A44102C82AE3E0065D0C1 /* Release */,
			);
			defaultConfigurationIsVisible = 0;
			defaultConfigurationName = Release;
		};
		564A44112C82AE3E0065D0C1 /* Build configuration list for PBXNativeTarget "opengl-expe" */ = {
			isa = XCConfigurationList;
			buildConfigurations = (
				564A44122C82AE3E0065D0C1 /* Debug */,
				564A44132C82AE3E0065D0C1 /* Release */,
			);
			defaultConfigurationIsVisible = 0;
			defaultConfigurationName = Release;
		};
/* End XCConfigurationList section */
	};
	rootObject = 564A44022C82AE3E0065D0C1 /* Project object */;
}
